
Microsoft Visual Studio Solution File, Format Version 12.00
# Visual Studio Version 16
VisualStudioVersion = 16.0.30413.136
MinimumVisualStudioVersion = 10.0.40219.1
Project("{FAE04EC0-301F-11D3-BF4B-00C04F79EFBC}") = "Loops", "Loops\Loops.csproj", "{BD2FFBAE-E8E9-422F-B1C1-98F9342B6144}"
EndProject
Global
	GlobalSection(SolutionConfigurationPlatforms) = preSolution
		Debug|Any CPU = Debug|Any CPU
		Release|Any CPU = Release|Any CPU
	EndGlobalSection
	GlobalSection(ProjectConfigurationPlatforms) = postSolution
		{BD2FFBAE-E8E9-422F-B1C1-98F9342B6144}.Debug|Any CPU.ActiveCfg = Debug|Any CPU
		{BD2FFBAE-E8E9-422F-B1C1-98F9342B6144}.Debug|Any CPU.Build.0 = Debug|Any CPU
		{BD2FFBAE-E8E9-422F-B1C1-98F9342B6144}.Release|Any CPU.ActiveCfg = Release|Any CPU
		{BD2FFBAE-E8E9-422F-B1C1-98F9342B6144}.Release|Any CPU.Build.0 = Release|Any CPU
	EndGlobalSection
	GlobalSection(SolutionProperties) = preSolution
		HideSolutionNode = FALSE
	EndGlobalSection
	GlobalSection(ExtensibilityGlobals) = postSolution
		SolutionGuid = {BE005E62-C403-4CBA-B860-B391C32ECF98}
	EndGlobalSection
EndGlobal
