
Microsoft Visual Studio Solution File, Format Version 12.00
# Visual Studio Version 16
VisualStudioVersion = 16.0.30413.136
MinimumVisualStudioVersion = 10.0.40219.1
Project("{FAE04EC0-301F-11D3-BF4B-00C04F79EFBC}") = "P_RectCircle", "P_RectCircle\P_RectCircle.csproj", "{B2E1D764-ED7C-4013-ABB1-3F0ACB35A027}"
EndProject
Global
	GlobalSection(SolutionConfigurationPlatforms) = preSolution
		Debug|Any CPU = Debug|Any CPU
		Release|Any CPU = Release|Any CPU
	EndGlobalSection
	GlobalSection(ProjectConfigurationPlatforms) = postSolution
		{B2E1D764-ED7C-4013-ABB1-3F0ACB35A027}.Debug|Any CPU.ActiveCfg = Debug|Any CPU
		{B2E1D764-ED7C-4013-ABB1-3F0ACB35A027}.Debug|Any CPU.Build.0 = Debug|Any CPU
		{B2E1D764-ED7C-4013-ABB1-3F0ACB35A027}.Release|Any CPU.ActiveCfg = Release|Any CPU
		{B2E1D764-ED7C-4013-ABB1-3F0ACB35A027}.Release|Any CPU.Build.0 = Release|Any CPU
	EndGlobalSection
	GlobalSection(SolutionProperties) = preSolution
		HideSolutionNode = FALSE
	EndGlobalSection
	GlobalSection(ExtensibilityGlobals) = postSolution
		SolutionGuid = {84C57180-88A2-4EA2-B603-ED2FFDB85245}
	EndGlobalSection
EndGlobal
